<?xml version="1.0" encoding="utf-8"?>
<Project ToolsVersion="4.0" xmlns="http://schemas.microsoft.com/developer/msbuild/2003">
  <ItemGroup>
    <Filter Include="Source Files">
      <UniqueIdentifier>{4FC737F1-C7A5-4376-A066-2A32D752A2FF}</UniqueIdentifier>
      <Extensions>cpp;c;cc;cxx;c++;cppm;ixx;def;odl;idl;hpj;bat;asm;asmx</Extensions>
    </Filter>
    <Filter Include="Resource Files">
      <UniqueIdentifier>{67DA6AB6-F800-4c08-8B7A-83BB121AAD01}</UniqueIdentifier>
      <Extensions>rc;ico;cur;bmp;dlg;rc2;rct;bin;rgs;gif;jpg;jpeg;jpe;resx;tiff;tif;png;wav;mfcribbon-ms</Extensions>
    </Filter>
    <Filter Include="Menu">
      <UniqueIdentifier>{284645c0-f5c2-4028-bee1-21f8cb8b5a27}</UniqueIdentifier>
    </Filter>
    <Filter Include="SpaceMind">
      <UniqueIdentifier>{93995380-89BD-4b04-88EB-625FBE52EBFB}</UniqueIdentifier>
      <Extensions>h;hh;hpp;hxx;h++;hm;inl;inc;ipp;xsd</Extensions>
    </Filter>
    <Filter Include="Alldo">
      <UniqueIdentifier>{6af970b0-e436-439b-af43-91fcbeaa4b06}</UniqueIdentifier>
    </Filter>
  </ItemGroup>
  <ItemGroup>
    <ClCompile Include="mainn.cpp">
      <Filter>Source Files</Filter>
    </ClCompile>
  </ItemGroup>
  <ItemGroup>
    <ClInclude Include="Conceptos.h">
      <Filter>SpaceMind</Filter>
    </ClInclude>
    <ClInclude Include="user.h">
      <Filter>Source Files</Filter>
    </ClInclude>
    <ClInclude Include="Repasar.h">
      <Filter>SpaceMind</Filter>
    </ClInclude>
    <ClInclude Include="Mostrar_ocultos.h">
      <Filter>SpaceMind</Filter>
    </ClInclude>
    <ClInclude Include="Agregar.h">
      <Filter>SpaceMind</Filter>
    </ClInclude>
    <ClInclude Include="Editar.h">
      <Filter>SpaceMind</Filter>
    </ClInclude>
    <ClInclude Include="resource.h">
      <Filter>SpaceMind</Filter>
    </ClInclude>
    <ClInclude Include="MENU.h">
      <Filter>Menu</Filter>
    </ClInclude>
    <ClInclude Include="todo_list.h">
      <Filter>Alldo</Filter>
    </ClInclude>
    <ClInclude Include="Agregar_tarea.h">
      <Filter>Alldo</Filter>
    </ClInclude>
  </ItemGroup>
  <ItemGroup>
    <ResourceCompile Include="prueba2.rc">
      <Filter>Resource Files</Filter>
    </ResourceCompile>
  </ItemGroup>
  <ItemGroup>
    <Image Include="icon1.ico">
      <Filter>Resource Files</Filter>
    </Image>
  </ItemGroup>
  <ItemGroup>
    <Text Include="Agregar.txt">
      <Filter>SpaceMind</Filter>
    </Text>
    <Text Include="Editar.txt">
      <Filter>SpaceMind</Filter>
    </Text>
  </ItemGroup>
</Project>